# This file is automatically @generated by Cargo.
# It is not intended for manual editing.
version = 3

[[package]]
name = "autocfg"
version = "1.1.0"
source = "registry+https://github.com/rust-lang/crates.io-index"
checksum = "d468802bab17cbc0cc575e9b053f41e72aa36bfa6b7f55e3529ffa43161b97fa"

[[package]]
name = "cpp_vs_rust_c_api"
version = "0.1.0"
dependencies = [
 "cpp_vs_rust_container",
 "cpp_vs_rust_fe",
 "cpp_vs_rust_i18n",
 "cpp_vs_rust_port",
 "cpp_vs_rust_test",
 "cpp_vs_rust_util",
]

[[package]]
name = "cpp_vs_rust_container"
version = "0.1.0"
dependencies = [
 "cpp_vs_rust_port",
 "cpp_vs_rust_util",
]

[[package]]
name = "cpp_vs_rust_fe"
version = "0.1.0"
dependencies = [
 "cpp_vs_rust_container",
 "cpp_vs_rust_i18n",
 "cpp_vs_rust_port",
 "cpp_vs_rust_proc_diagnostic_types",
 "cpp_vs_rust_test",
 "cpp_vs_rust_util",
]

[[package]]
name = "cpp_vs_rust_i18n"
version = "0.1.0"
dependencies = [
 "cpp_vs_rust_container",
 "cpp_vs_rust_fe",
 "cpp_vs_rust_port",
 "cpp_vs_rust_test",
 "cpp_vs_rust_util",
 "libc",
]

[[package]]
name = "cpp_vs_rust_port"
version = "0.1.0"
dependencies = [
 "memoffset",
]

[[package]]
name = "cpp_vs_rust_proc_diagnostic_types"
version = "0.1.0"

[[package]]
name = "cpp_vs_rust_test"
version = "0.1.0"
dependencies = [
 "cpp_vs_rust_fe",
 "cpp_vs_rust_port",
 "cpp_vs_rust_util",
 "lazy_static",
]

[[package]]
name = "cpp_vs_rust_util"
version = "0.1.0"
dependencies = [
 "cpp_vs_rust_port",
 "cpp_vs_rust_test",
]

[[package]]
name = "lazy_static"
version = "1.4.0"
source = "registry+https://github.com/rust-lang/crates.io-index"
checksum = "e2abad23fbc42b3700f2f279844dc832adb2b2eb069b2df918f455c4e18cc646"

[[package]]
name = "libc"
version = "0.2.138"
source = "registry+https://github.com/rust-lang/crates.io-index"
checksum = "db6d7e329c562c5dfab7a46a2afabc8b987ab9a4834c9d1ca04dc54c1546cef8"

[[package]]
name = "memoffset"
version = "0.7.1"
source = "registry+https://github.com/rust-lang/crates.io-index"
checksum = "5de893c32cde5f383baa4c04c5d6dbdd735cfd4a794b0debdb2bb1b421da5ff4"
dependencies = [
 "autocfg",
]
